
Microsoft Visual Studio Solution File, Format Version 12.00
# Visual Studio Version 17
VisualStudioVersion = 17.7.34031.279
MinimumVisualStudioVersion = 10.0.40219.1
Project("{FAE04EC0-301F-11D3-BF4B-00C04F79EFBC}") = "PinFolder", "PinFolder.csproj", "{31AE487C-B093-4313-B60A-5D8A88A3A7D8}"
EndProject
Global
	GlobalSection(SolutionConfigurationPlatforms) = preSolution
		Debug|Any CPU = Debug|Any CPU
		Release|Any CPU = Release|Any CPU
	EndGlobalSection
	GlobalSection(ProjectConfigurationPlatforms) = postSolution
		{31AE487C-B093-4313-B60A-5D8A88A3A7D8}.Debug|Any CPU.ActiveCfg = Debug|Any CPU
		{31AE487C-B093-4313-B60A-5D8A88A3A7D8}.Debug|Any CPU.Build.0 = Debug|Any CPU
		{31AE487C-B093-4313-B60A-5D8A88A3A7D8}.Release|Any CPU.ActiveCfg = Release|Any CPU
		{31AE487C-B093-4313-B60A-5D8A88A3A7D8}.Release|Any CPU.Build.0 = Release|Any CPU
	EndGlobalSection
	GlobalSection(SolutionProperties) = preSolution
		HideSolutionNode = FALSE
	EndGlobalSection
	GlobalSection(ExtensibilityGlobals) = postSolution
		SolutionGuid = {CE91D1E5-7AAD-44F4-A7F9-73E0C4BE1061}
	EndGlobalSection
EndGlobal
